
Microsoft Visual Studio Solution File, Format Version 12.00
# Visual Studio Version 17
VisualStudioVersion = 17.5.33209.295
MinimumVisualStudioVersion = 10.0.40219.1
Project("{9A19103F-16F7-4668-BE54-9A1E7A4F7556}") = "Kakao", "Kakao\Kakao.csproj", "{46DF74E8-084D-4F5E-8B75-4E8268220199}"
EndProject
Project("{9A19103F-16F7-4668-BE54-9A1E7A4F7556}") = "Kakao.Forms", "Kakao.Forms\Kakao.Forms.csproj", "{4F0F78F2-88D3-45AF-878C-52A2BB162C38}"
EndProject
Project("{9A19103F-16F7-4668-BE54-9A1E7A4F7556}") = "Kakao.Login", "Kakao.Login\Kakao.Login.csproj", "{8C284A83-6076-4299-B365-27BBA418E242}"
EndProject
Project("{2150E333-8FDC-42A3-9474-1A3956D46DE8}") = "Studio", "Studio", "{B2B2C670-F976-45C3-92E0-0509BD94FAC5}"
EndProject
Project("{2150E333-8FDC-42A3-9474-1A3956D46DE8}") = "Partial", "Partial", "{B6E33984-E8F4-4E2C-8839-439462E3E06E}"
EndProject
Project("{9A19103F-16F7-4668-BE54-9A1E7A4F7556}") = "Kakao.Friends", "Kakao.Friends\Kakao.Friends.csproj", "{57960A63-A0FA-4601-AE34-EC69337F5FA4}"
EndProject
Project("{2150E333-8FDC-42A3-9474-1A3956D46DE8}") = "Based", "Based", "{AD150068-69FB-4F5C-81B4-53677B4062F0}"
EndProject
Project("{9A19103F-16F7-4668-BE54-9A1E7A4F7556}") = "Kakao.Core", "Kakao.Core\Kakao.Core.csproj", "{E257787A-2C55-409E-9169-C74C07C7C0B7}"
EndProject
Project("{9A19103F-16F7-4668-BE54-9A1E7A4F7556}") = "Kakao.Main", "Kakao.Main\Kakao.Main.csproj", "{3996BDDD-ADD4-4A6E-9F00-6C4129E6CE9E}"
EndProject
Project("{9A19103F-16F7-4668-BE54-9A1E7A4F7556}") = "Kakao.Chats", "Kakao.Chats\Kakao.Chats.csproj", "{3F9F45EA-7E69-436D-B026-FFE20AF22E9C}"
EndProject
Project("{9A19103F-16F7-4668-BE54-9A1E7A4F7556}") = "Kakao.More", "Kakao.More\Kakao.More.csproj", "{C1FEDE6F-B539-41BA-BE79-D6C4148F2226}"
EndProject
Project("{2150E333-8FDC-42A3-9474-1A3956D46DE8}") = "Foundation", "Foundation", "{0BD9C177-16F1-4DD2-BB4A-669F7822045F}"
EndProject
Project("{9A19103F-16F7-4668-BE54-9A1E7A4F7556}") = "Kakao.LayoutSupport", "Kakao.LayoutSupport\Kakao.LayoutSupport.csproj", "{23BD1E22-FF89-443E-84C8-A82D75E94593}"
EndProject
Project("{9A19103F-16F7-4668-BE54-9A1E7A4F7556}") = "Kakao.Friends.Birth", "Kakao.Friends.Birth\Kakao.Friends.Birth.csproj", "{A770C75F-7113-4A68-A1D8-03166739370D}"
EndProject
Project("{2150E333-8FDC-42A3-9474-1A3956D46DE8}") = "Friends", "Friends", "{6C2A32A7-B313-4FAC-892E-FA47D2F5F019}"
EndProject
Project("{9A19103F-16F7-4668-BE54-9A1E7A4F7556}") = "Kakao.Friends.Favorites", "Kakao.Friends.Favorites\Kakao.Friends.Favorites.csproj", "{0AA23087-15DE-4F6A-81A7-D6B9BE4A9303}"
EndProject
Project("{9A19103F-16F7-4668-BE54-9A1E7A4F7556}") = "Kakao.Talk", "Kakao.Talk\Kakao.Talk.csproj", "{75486B32-8FC0-4983-8D01-2ECC1E812548}"
EndProject
Project("{2150E333-8FDC-42A3-9474-1A3956D46DE8}") = "Talks", "Talks", "{D8A8B191-BB5A-4A52-B81D-2531D746F0F7}"
EndProject
Project("{9A19103F-16F7-4668-BE54-9A1E7A4F7556}") = "Kakao.Talk.TextMessage", "Kakao.Talk.TextMessage\Kakao.Talk.TextMessage.csproj", "{80627A8F-B9FE-41EA-83FB-DC964A91E64D}"
EndProject
Project("{2150E333-8FDC-42A3-9474-1A3956D46DE8}") = "Pages", "Pages", "{AFB52BD3-6A6C-4381-9713-FAEFC3BB049F}"
EndProject
Project("{9A19103F-16F7-4668-BE54-9A1E7A4F7556}") = "Kakao.Tests", "Kakao.Tests\Kakao.Tests.csproj", "{91895B11-324B-492E-9767-24CA9D4A6703}"
EndProject
Project("{2150E333-8FDC-42A3-9474-1A3956D46DE8}") = "Service", "Service", "{A28B98D1-FFBD-4F7F-AA92-2912DA882876}"
EndProject
Project("{FAE04EC0-301F-11D3-BF4B-00C04F79EFBC}") = "Kakao.Receiver", "Kakao.Receiver\Kakao.Receiver.csproj", "{1A085BDC-0F3A-4DE3-A734-F3A515994C70}"
EndProject
Global
	GlobalSection(SolutionConfigurationPlatforms) = preSolution
		Debug|Any CPU = Debug|Any CPU
		Release|Any CPU = Release|Any CPU
	EndGlobalSection
	GlobalSection(ProjectConfigurationPlatforms) = postSolution
		{46DF74E8-084D-4F5E-8B75-4E8268220199}.Debug|Any CPU.ActiveCfg = Debug|Any CPU
		{46DF74E8-084D-4F5E-8B75-4E8268220199}.Debug|Any CPU.Build.0 = Debug|Any CPU
		{46DF74E8-084D-4F5E-8B75-4E8268220199}.Release|Any CPU.ActiveCfg = Release|Any CPU
		{46DF74E8-084D-4F5E-8B75-4E8268220199}.Release|Any CPU.Build.0 = Release|Any CPU
		{4F0F78F2-88D3-45AF-878C-52A2BB162C38}.Debug|Any CPU.ActiveCfg = Debug|Any CPU
		{4F0F78F2-88D3-45AF-878C-52A2BB162C38}.Debug|Any CPU.Build.0 = Debug|Any CPU
		{4F0F78F2-88D3-45AF-878C-52A2BB162C38}.Release|Any CPU.ActiveCfg = Release|Any CPU
		{4F0F78F2-88D3-45AF-878C-52A2BB162C38}.Release|Any CPU.Build.0 = Release|Any CPU
		{8C284A83-6076-4299-B365-27BBA418E242}.Debug|Any CPU.ActiveCfg = Debug|Any CPU
		{8C284A83-6076-4299-B365-27BBA418E242}.Debug|Any CPU.Build.0 = Debug|Any CPU
		{8C284A83-6076-4299-B365-27BBA418E242}.Release|Any CPU.ActiveCfg = Release|Any CPU
		{8C284A83-6076-4299-B365-27BBA418E242}.Release|Any CPU.Build.0 = Release|Any CPU
		{57960A63-A0FA-4601-AE34-EC69337F5FA4}.Debug|Any CPU.ActiveCfg = Debug|Any CPU
		{57960A63-A0FA-4601-AE34-EC69337F5FA4}.Debug|Any CPU.Build.0 = Debug|Any CPU
		{57960A63-A0FA-4601-AE34-EC69337F5FA4}.Release|Any CPU.ActiveCfg = Release|Any CPU
		{57960A63-A0FA-4601-AE34-EC69337F5FA4}.Release|Any CPU.Build.0 = Release|Any CPU
		{E257787A-2C55-409E-9169-C74C07C7C0B7}.Debug|Any CPU.ActiveCfg = Debug|Any CPU
		{E257787A-2C55-409E-9169-C74C07C7C0B7}.Debug|Any CPU.Build.0 = Debug|Any CPU
		{E257787A-2C55-409E-9169-C74C07C7C0B7}.Release|Any CPU.ActiveCfg = Release|Any CPU
		{E257787A-2C55-409E-9169-C74C07C7C0B7}.Release|Any CPU.Build.0 = Release|Any CPU
		{3996BDDD-ADD4-4A6E-9F00-6C4129E6CE9E}.Debug|Any CPU.ActiveCfg = Debug|Any CPU
		{3996BDDD-ADD4-4A6E-9F00-6C4129E6CE9E}.Debug|Any CPU.Build.0 = Debug|Any CPU
		{3996BDDD-ADD4-4A6E-9F00-6C4129E6CE9E}.Release|Any CPU.ActiveCfg = Release|Any CPU
		{3996BDDD-ADD4-4A6E-9F00-6C4129E6CE9E}.Release|Any CPU.Build.0 = Release|Any CPU
		{3F9F45EA-7E69-436D-B026-FFE20AF22E9C}.Debug|Any CPU.ActiveCfg = Debug|Any CPU
		{3F9F45EA-7E69-436D-B026-FFE20AF22E9C}.Debug|Any CPU.Build.0 = Debug|Any CPU
		{3F9F45EA-7E69-436D-B026-FFE20AF22E9C}.Release|Any CPU.ActiveCfg = Release|Any CPU
		{3F9F45EA-7E69-436D-B026-FFE20AF22E9C}.Release|Any CPU.Build.0 = Release|Any CPU
		{C1FEDE6F-B539-41BA-BE79-D6C4148F2226}.Debug|Any CPU.ActiveCfg = Debug|Any CPU
		{C1FEDE6F-B539-41BA-BE79-D6C4148F2226}.Debug|Any CPU.Build.0 = Debug|Any CPU
		{C1FEDE6F-B539-41BA-BE79-D6C4148F2226}.Release|Any CPU.ActiveCfg = Release|Any CPU
		{C1FEDE6F-B539-41BA-BE79-D6C4148F2226}.Release|Any CPU.Build.0 = Release|Any CPU
		{23BD1E22-FF89-443E-84C8-A82D75E94593}.Debug|Any CPU.ActiveCfg = Debug|Any CPU
		{23BD1E22-FF89-443E-84C8-A82D75E94593}.Debug|Any CPU.Build.0 = Debug|Any CPU
		{23BD1E22-FF89-443E-84C8-A82D75E94593}.Release|Any CPU.ActiveCfg = Release|Any CPU
		{23BD1E22-FF89-443E-84C8-A82D75E94593}.Release|Any CPU.Build.0 = Release|Any CPU
		{A770C75F-7113-4A68-A1D8-03166739370D}.Debug|Any CPU.ActiveCfg = Debug|Any CPU
		{A770C75F-7113-4A68-A1D8-03166739370D}.Debug|Any CPU.Build.0 = Debug|Any CPU
		{A770C75F-7113-4A68-A1D8-03166739370D}.Release|Any CPU.ActiveCfg = Release|Any CPU
		{A770C75F-7113-4A68-A1D8-03166739370D}.Release|Any CPU.Build.0 = Release|Any CPU
		{0AA23087-15DE-4F6A-81A7-D6B9BE4A9303}.Debug|Any CPU.ActiveCfg = Debug|Any CPU
		{0AA23087-15DE-4F6A-81A7-D6B9BE4A9303}.Debug|Any CPU.Build.0 = Debug|Any CPU
		{0AA23087-15DE-4F6A-81A7-D6B9BE4A9303}.Release|Any CPU.ActiveCfg = Release|Any CPU
		{0AA23087-15DE-4F6A-81A7-D6B9BE4A9303}.Release|Any CPU.Build.0 = Release|Any CPU
		{75486B32-8FC0-4983-8D01-2ECC1E812548}.Debug|Any CPU.ActiveCfg = Debug|Any CPU
		{75486B32-8FC0-4983-8D01-2ECC1E812548}.Debug|Any CPU.Build.0 = Debug|Any CPU
		{75486B32-8FC0-4983-8D01-2ECC1E812548}.Release|Any CPU.ActiveCfg = Release|Any CPU
		{75486B32-8FC0-4983-8D01-2ECC1E812548}.Release|Any CPU.Build.0 = Release|Any CPU
		{80627A8F-B9FE-41EA-83FB-DC964A91E64D}.Debug|Any CPU.ActiveCfg = Debug|Any CPU
		{80627A8F-B9FE-41EA-83FB-DC964A91E64D}.Debug|Any CPU.Build.0 = Debug|Any CPU
		{80627A8F-B9FE-41EA-83FB-DC964A91E64D}.Release|Any CPU.ActiveCfg = Release|Any CPU
		{80627A8F-B9FE-41EA-83FB-DC964A91E64D}.Release|Any CPU.Build.0 = Release|Any CPU
		{91895B11-324B-492E-9767-24CA9D4A6703}.Debug|Any CPU.ActiveCfg = Debug|Any CPU
		{91895B11-324B-492E-9767-24CA9D4A6703}.Debug|Any CPU.Build.0 = Debug|Any CPU
		{91895B11-324B-492E-9767-24CA9D4A6703}.Release|Any CPU.ActiveCfg = Release|Any CPU
		{91895B11-324B-492E-9767-24CA9D4A6703}.Release|Any CPU.Build.0 = Release|Any CPU
		{1A085BDC-0F3A-4DE3-A734-F3A515994C70}.Debug|Any CPU.ActiveCfg = Debug|Any CPU
		{1A085BDC-0F3A-4DE3-A734-F3A515994C70}.Debug|Any CPU.Build.0 = Debug|Any CPU
		{1A085BDC-0F3A-4DE3-A734-F3A515994C70}.Release|Any CPU.ActiveCfg = Release|Any CPU
		{1A085BDC-0F3A-4DE3-A734-F3A515994C70}.Release|Any CPU.Build.0 = Release|Any CPU
	EndGlobalSection
	GlobalSection(SolutionProperties) = preSolution
		HideSolutionNode = FALSE
	EndGlobalSection
	GlobalSection(NestedProjects) = preSolution
		{46DF74E8-084D-4F5E-8B75-4E8268220199} = {B2B2C670-F976-45C3-92E0-0509BD94FAC5}
		{4F0F78F2-88D3-45AF-878C-52A2BB162C38} = {AFB52BD3-6A6C-4381-9713-FAEFC3BB049F}
		{8C284A83-6076-4299-B365-27BBA418E242} = {AFB52BD3-6A6C-4381-9713-FAEFC3BB049F}
		{57960A63-A0FA-4601-AE34-EC69337F5FA4} = {6C2A32A7-B313-4FAC-892E-FA47D2F5F019}
		{E257787A-2C55-409E-9169-C74C07C7C0B7} = {AD150068-69FB-4F5C-81B4-53677B4062F0}
		{3996BDDD-ADD4-4A6E-9F00-6C4129E6CE9E} = {AFB52BD3-6A6C-4381-9713-FAEFC3BB049F}
		{3F9F45EA-7E69-436D-B026-FFE20AF22E9C} = {B6E33984-E8F4-4E2C-8839-439462E3E06E}
		{C1FEDE6F-B539-41BA-BE79-D6C4148F2226} = {B6E33984-E8F4-4E2C-8839-439462E3E06E}
		{23BD1E22-FF89-443E-84C8-A82D75E94593} = {0BD9C177-16F1-4DD2-BB4A-669F7822045F}
		{A770C75F-7113-4A68-A1D8-03166739370D} = {6C2A32A7-B313-4FAC-892E-FA47D2F5F019}
		{6C2A32A7-B313-4FAC-892E-FA47D2F5F019} = {B6E33984-E8F4-4E2C-8839-439462E3E06E}
		{0AA23087-15DE-4F6A-81A7-D6B9BE4A9303} = {6C2A32A7-B313-4FAC-892E-FA47D2F5F019}
		{75486B32-8FC0-4983-8D01-2ECC1E812548} = {D8A8B191-BB5A-4A52-B81D-2531D746F0F7}
		{D8A8B191-BB5A-4A52-B81D-2531D746F0F7} = {B6E33984-E8F4-4E2C-8839-439462E3E06E}
		{80627A8F-B9FE-41EA-83FB-DC964A91E64D} = {D8A8B191-BB5A-4A52-B81D-2531D746F0F7}
		{AFB52BD3-6A6C-4381-9713-FAEFC3BB049F} = {B6E33984-E8F4-4E2C-8839-439462E3E06E}
		{91895B11-324B-492E-9767-24CA9D4A6703} = {AFB52BD3-6A6C-4381-9713-FAEFC3BB049F}
		{1A085BDC-0F3A-4DE3-A734-F3A515994C70} = {A28B98D1-FFBD-4F7F-AA92-2912DA882876}
	EndGlobalSection
	GlobalSection(ExtensibilityGlobals) = postSolution
		SolutionGuid = {A3FDB06E-D481-40B5-8473-D6069243FA02}
	EndGlobalSection
EndGlobal
