
Microsoft Visual Studio Solution File, Format Version 12.00
Project("{FAE04EC0-301F-11D3-BF4B-00C04F79EFBC}") = "Kakao", "Kakao\Kakao\Kakao.csproj", "{9DFD7FDB-CD42-490D-9CAD-879F58CC50CD}"
EndProject
Project("{FAE04EC0-301F-11D3-BF4B-00C04F79EFBC}") = "Kakao.Android", "Kakao\Kakao.Android\Kakao.Android.csproj", "{3CD52F14-FA7F-491C-8D67-4E0753F93CFA}"
EndProject
Project("{FAE04EC0-301F-11D3-BF4B-00C04F79EFBC}") = "Kakao.Desktop", "Kakao\Kakao.Desktop\Kakao.Desktop.csproj", "{28CE0494-5EA3-4E88-BEDF-C79565A35050}"
EndProject
Project("{FAE04EC0-301F-11D3-BF4B-00C04F79EFBC}") = "Kakao.iOS", "Kakao\Kakao.iOS\Kakao.iOS.csproj", "{CA212409-5E76-4F1B-8723-84FB45FEB264}"
EndProject
Project("{FAE04EC0-301F-11D3-BF4B-00C04F79EFBC}") = "Kakao.Browser", "Kakao\Kakao.Browser\Kakao.Browser.csproj", "{9EE1A360-7036-4332-ACB8-07B0CE9BDA61}"
EndProject
Global
	GlobalSection(SolutionConfigurationPlatforms) = preSolution
		Debug|Any CPU = Debug|Any CPU
		Release|Any CPU = Release|Any CPU
	EndGlobalSection
	GlobalSection(ProjectConfigurationPlatforms) = postSolution
		{9DFD7FDB-CD42-490D-9CAD-879F58CC50CD}.Debug|Any CPU.ActiveCfg = Debug|Any CPU
		{9DFD7FDB-CD42-490D-9CAD-879F58CC50CD}.Debug|Any CPU.Build.0 = Debug|Any CPU
		{9DFD7FDB-CD42-490D-9CAD-879F58CC50CD}.Release|Any CPU.ActiveCfg = Release|Any CPU
		{9DFD7FDB-CD42-490D-9CAD-879F58CC50CD}.Release|Any CPU.Build.0 = Release|Any CPU
		{3CD52F14-FA7F-491C-8D67-4E0753F93CFA}.Debug|Any CPU.ActiveCfg = Debug|Any CPU
		{3CD52F14-FA7F-491C-8D67-4E0753F93CFA}.Debug|Any CPU.Build.0 = Debug|Any CPU
		{3CD52F14-FA7F-491C-8D67-4E0753F93CFA}.Debug|Any CPU.Deploy.0 = Debug|Any CPU
		{3CD52F14-FA7F-491C-8D67-4E0753F93CFA}.Release|Any CPU.ActiveCfg = Release|Any CPU
		{3CD52F14-FA7F-491C-8D67-4E0753F93CFA}.Release|Any CPU.Build.0 = Release|Any CPU
		{3CD52F14-FA7F-491C-8D67-4E0753F93CFA}.Release|Any CPU.Deploy.0 = Release|Any CPU
		{28CE0494-5EA3-4E88-BEDF-C79565A35050}.Debug|Any CPU.ActiveCfg = Debug|Any CPU
		{28CE0494-5EA3-4E88-BEDF-C79565A35050}.Debug|Any CPU.Build.0 = Debug|Any CPU
		{28CE0494-5EA3-4E88-BEDF-C79565A35050}.Release|Any CPU.ActiveCfg = Release|Any CPU
		{28CE0494-5EA3-4E88-BEDF-C79565A35050}.Release|Any CPU.Build.0 = Release|Any CPU
		{CA212409-5E76-4F1B-8723-84FB45FEB264}.Debug|Any CPU.ActiveCfg = Debug|Any CPU
		{CA212409-5E76-4F1B-8723-84FB45FEB264}.Debug|Any CPU.Build.0 = Debug|Any CPU
		{CA212409-5E76-4F1B-8723-84FB45FEB264}.Debug|Any CPU.Deploy.0 = Debug|Any CPU
		{CA212409-5E76-4F1B-8723-84FB45FEB264}.Release|Any CPU.ActiveCfg = Release|Any CPU
		{CA212409-5E76-4F1B-8723-84FB45FEB264}.Release|Any CPU.Build.0 = Release|Any CPU
		{CA212409-5E76-4F1B-8723-84FB45FEB264}.Release|Any CPU.Deploy.0 = Release|Any CPU
		{9EE1A360-7036-4332-ACB8-07B0CE9BDA61}.Debug|Any CPU.ActiveCfg = Debug|Any CPU
		{9EE1A360-7036-4332-ACB8-07B0CE9BDA61}.Debug|Any CPU.Build.0 = Debug|Any CPU
		{9EE1A360-7036-4332-ACB8-07B0CE9BDA61}.Release|Any CPU.ActiveCfg = Release|Any CPU
		{9EE1A360-7036-4332-ACB8-07B0CE9BDA61}.Release|Any CPU.Build.0 = Release|Any CPU
	EndGlobalSection
EndGlobal
